# This file is generated by running "yarn install" inside your project.
# Manual changes might be lost - proceed with caution!

__metadata:
  version: 6

"@bitberry/eslint-bitberry@workspace:.":
  version: 0.0.0-use.local
  resolution: "@bitberry/eslint-bitberry@workspace:."
  languageName: unknown
  linkType: soft
